
Microsoft Visual Studio Solution File, Format Version 12.00
# Visual Studio Version 17
VisualStudioVersion = 17.0.31912.275
MinimumVisualStudioVersion = 10.0.40219.1
Project("{2150E333-8FDC-42A3-9474-1A3956D46DE8}") = "src", "src", "{1736152C-B834-4AA8-8FF5-2958BA4DAF63}"
EndProject
Project("{2150E333-8FDC-42A3-9474-1A3956D46DE8}") = "Building Blocks", "Building Blocks", "{B57D28CA-59E3-496C-8FDE-8FCAC98856DE}"
EndProject
Project("{2150E333-8FDC-42A3-9474-1A3956D46DE8}") = "Services", "Services", "{18A75548-7AB1-46ED-90A9-06749C3123EE}"
EndProject
Project("{2150E333-8FDC-42A3-9474-1A3956D46DE8}") = "Web", "Web", "{9E5EB3CD-D1E0-4FEA-BB00-7E2DDAA82338}"
EndProject
Project("{2150E333-8FDC-42A3-9474-1A3956D46DE8}") = "Core", "Core", "{774FCA82-BBFE-4915-BC0D-7EE3B3913CC2}"
EndProject
Project("{2150E333-8FDC-42A3-9474-1A3956D46DE8}") = "MVC", "MVC", "{E26CF1CB-1225-4377-AEF6-13F747879767}"
EndProject
Project("{9A19103F-16F7-4668-BE54-9A1E7A4F7556}") = "NSE.WebApp.MVC", "src\web\NSE.WebApp.MVC\NSE.WebApp.MVC.csproj", "{783B17CA-5A9F-4F36-BD16-938709060160}"
EndProject
Project("{2150E333-8FDC-42A3-9474-1A3956D46DE8}") = "Carrinho", "Carrinho", "{6897C3FA-4070-4EF6-B580-E62CDC231D7B}"
EndProject
Project("{2150E333-8FDC-42A3-9474-1A3956D46DE8}") = "Catalogo", "Catalogo", "{5CC6ED92-083E-4DE3-8F51-FDA318A679BC}"
EndProject
Project("{2150E333-8FDC-42A3-9474-1A3956D46DE8}") = "Cliente", "Cliente", "{9255F927-7DE6-4373-AE96-52E1EBAF30E2}"
EndProject
Project("{2150E333-8FDC-42A3-9474-1A3956D46DE8}") = "Identidade", "Identidade", "{AF22D043-FF5A-44FC-85E0-1F93A11F4AEE}"
EndProject
Project("{2150E333-8FDC-42A3-9474-1A3956D46DE8}") = "Pagamento", "Pagamento", "{D097C851-F9C2-42D1-BEBF-D855C720B2E7}"
EndProject
Project("{2150E333-8FDC-42A3-9474-1A3956D46DE8}") = "Pedido", "Pedido", "{9E04A2BB-2E5D-40F5-A3A9-0B53C8B3E874}"
EndProject
Project("{9A19103F-16F7-4668-BE54-9A1E7A4F7556}") = "NSE.Carrinho.API", "src\services\NSE.Carrinho.API\NSE.Carrinho.API.csproj", "{FCC54F30-C236-44EE-9622-21204251C53B}"
EndProject
Project("{9A19103F-16F7-4668-BE54-9A1E7A4F7556}") = "NSE.Catalogo.API", "src\services\NSE.Catalogo.API\NSE.Catalogo.API.csproj", "{4FF30C0F-0BD7-4543-9098-A3333AF6F31B}"
EndProject
Project("{9A19103F-16F7-4668-BE54-9A1E7A4F7556}") = "NSE.Identidade.API", "src\services\NSE.Identidade.API\NSE.Identidade.API.csproj", "{D30F0261-D358-48D5-9B61-172BD74B23B2}"
EndProject
Project("{9A19103F-16F7-4668-BE54-9A1E7A4F7556}") = "NSE.Core", "src\building blocks\NSE.Core\NSE.Core.csproj", "{CFECC6E6-1088-4B0B-A1BC-2EF5DD5DE887}"
EndProject
Project("{2150E333-8FDC-42A3-9474-1A3956D46DE8}") = "Services", "Services", "{7AC1155B-B560-4E3E-86AE-2F2E9601A224}"
EndProject
Project("{9A19103F-16F7-4668-BE54-9A1E7A4F7556}") = "NSE.WebAPI.Core", "src\building blocks\NSE.WebAPI.Core\NSE.WebAPI.Core.csproj", "{8256DA73-52FB-4A32-8CFC-43857A7E6404}"
EndProject
Project("{2150E333-8FDC-42A3-9474-1A3956D46DE8}") = "Blazor", "Blazor", "{7C95F996-3705-4D4B-A74E-66B5452F028A}"
EndProject
Project("{9A19103F-16F7-4668-BE54-9A1E7A4F7556}") = "NSE.WebApp.Blazor", "src\blazor\NSE.WebApp.Blazor\NSE.WebApp.Blazor.csproj", "{7BB6A6C3-CD73-412F-B4B1-1390E5182056}"
EndProject
Project("{2150E333-8FDC-42A3-9474-1A3956D46DE8}") = "MessageBus", "MessageBus", "{61A27AC3-F5F8-4997-9F26-CF31026203F6}"
EndProject
Project("{9A19103F-16F7-4668-BE54-9A1E7A4F7556}") = "NSE.MessageBus", "src\building blocks\NSE.MessageBus\NSE.MessageBus.csproj", "{12473E3E-7E99-4B0A-8EE4-08835EA3D7B4}"
EndProject
Project("{2150E333-8FDC-42A3-9474-1A3956D46DE8}") = "ApiGateways", "ApiGateways", "{ECBCF917-1435-4FDE-8940-D76A604B7984}"
EndProject
Project("{9A19103F-16F7-4668-BE54-9A1E7A4F7556}") = "NSE.Bff.Compras", "src\api gateways\NSE.Bff.Compras\NSE.Bff.Compras.csproj", "{C4B34D01-DE49-4B5D-BCC2-6A22008807BE}"
EndProject
Project("{2150E333-8FDC-42A3-9474-1A3956D46DE8}") = "Compras", "Compras", "{13ECBE62-B4C6-452C-8A85-BB57BE7A4E5E}"
EndProject
Project("{9A19103F-16F7-4668-BE54-9A1E7A4F7556}") = "NSE.Pedidos.Domain", "src\services\NSE.Pedidos.Domain\NSE.Pedidos.Domain.csproj", "{8F819190-D849-4CC0-A8AD-AB9D84A8E80B}"
EndProject
Project("{9A19103F-16F7-4668-BE54-9A1E7A4F7556}") = "NSE.Pedidos.Infra", "src\services\NSE.Pedidos.Infra\NSE.Pedidos.Infra.csproj", "{5A4945E5-76FE-4DC9-9E0C-39AA0A8CC633}"
EndProject
Project("{9A19103F-16F7-4668-BE54-9A1E7A4F7556}") = "NSE.Pagamentos.NerdsPag", "src\services\NSE.Pagamentos.NerdsPag\NSE.Pagamentos.NerdsPag.csproj", "{9F6CA5D2-69F2-4FF3-B8C2-9E22DBFBAE03}"
EndProject
Project("{9A19103F-16F7-4668-BE54-9A1E7A4F7556}") = "NSE.Clientes.API", "src\services\NSE.Clientes.API\NSE.Clientes.API.csproj", "{5538698A-0CC7-4C85-A70D-F8F73C29D5CF}"
EndProject
Project("{9A19103F-16F7-4668-BE54-9A1E7A4F7556}") = "NSE.Pagamentos.API", "src\services\NSE.Pagamentos.API\NSE.Pagamentos.API.csproj", "{B7FC497A-D197-4F71-9DD2-507785673206}"
EndProject
Project("{9A19103F-16F7-4668-BE54-9A1E7A4F7556}") = "NSE.Pedidos.API", "src\services\NSE.Pedidos.API\NSE.Pedidos.API.csproj", "{99CAD239-16C0-48FF-8895-95FAD49A069A}"
EndProject
Global
	GlobalSection(SolutionConfigurationPlatforms) = preSolution
		Debug|Any CPU = Debug|Any CPU
		Release|Any CPU = Release|Any CPU
	EndGlobalSection
	GlobalSection(ProjectConfigurationPlatforms) = postSolution
		{783B17CA-5A9F-4F36-BD16-938709060160}.Debug|Any CPU.ActiveCfg = Debug|Any CPU
		{783B17CA-5A9F-4F36-BD16-938709060160}.Debug|Any CPU.Build.0 = Debug|Any CPU
		{783B17CA-5A9F-4F36-BD16-938709060160}.Release|Any CPU.ActiveCfg = Release|Any CPU
		{783B17CA-5A9F-4F36-BD16-938709060160}.Release|Any CPU.Build.0 = Release|Any CPU
		{FCC54F30-C236-44EE-9622-21204251C53B}.Debug|Any CPU.ActiveCfg = Debug|Any CPU
		{FCC54F30-C236-44EE-9622-21204251C53B}.Debug|Any CPU.Build.0 = Debug|Any CPU
		{FCC54F30-C236-44EE-9622-21204251C53B}.Release|Any CPU.ActiveCfg = Release|Any CPU
		{FCC54F30-C236-44EE-9622-21204251C53B}.Release|Any CPU.Build.0 = Release|Any CPU
		{4FF30C0F-0BD7-4543-9098-A3333AF6F31B}.Debug|Any CPU.ActiveCfg = Debug|Any CPU
		{4FF30C0F-0BD7-4543-9098-A3333AF6F31B}.Debug|Any CPU.Build.0 = Debug|Any CPU
		{4FF30C0F-0BD7-4543-9098-A3333AF6F31B}.Release|Any CPU.ActiveCfg = Release|Any CPU
		{4FF30C0F-0BD7-4543-9098-A3333AF6F31B}.Release|Any CPU.Build.0 = Release|Any CPU
		{D30F0261-D358-48D5-9B61-172BD74B23B2}.Debug|Any CPU.ActiveCfg = Debug|Any CPU
		{D30F0261-D358-48D5-9B61-172BD74B23B2}.Debug|Any CPU.Build.0 = Debug|Any CPU
		{D30F0261-D358-48D5-9B61-172BD74B23B2}.Release|Any CPU.ActiveCfg = Release|Any CPU
		{D30F0261-D358-48D5-9B61-172BD74B23B2}.Release|Any CPU.Build.0 = Release|Any CPU
		{CFECC6E6-1088-4B0B-A1BC-2EF5DD5DE887}.Debug|Any CPU.ActiveCfg = Debug|Any CPU
		{CFECC6E6-1088-4B0B-A1BC-2EF5DD5DE887}.Debug|Any CPU.Build.0 = Debug|Any CPU
		{CFECC6E6-1088-4B0B-A1BC-2EF5DD5DE887}.Release|Any CPU.ActiveCfg = Release|Any CPU
		{CFECC6E6-1088-4B0B-A1BC-2EF5DD5DE887}.Release|Any CPU.Build.0 = Release|Any CPU
		{8256DA73-52FB-4A32-8CFC-43857A7E6404}.Debug|Any CPU.ActiveCfg = Debug|Any CPU
		{8256DA73-52FB-4A32-8CFC-43857A7E6404}.Debug|Any CPU.Build.0 = Debug|Any CPU
		{8256DA73-52FB-4A32-8CFC-43857A7E6404}.Release|Any CPU.ActiveCfg = Release|Any CPU
		{8256DA73-52FB-4A32-8CFC-43857A7E6404}.Release|Any CPU.Build.0 = Release|Any CPU
		{7BB6A6C3-CD73-412F-B4B1-1390E5182056}.Debug|Any CPU.ActiveCfg = Debug|Any CPU
		{7BB6A6C3-CD73-412F-B4B1-1390E5182056}.Debug|Any CPU.Build.0 = Debug|Any CPU
		{7BB6A6C3-CD73-412F-B4B1-1390E5182056}.Release|Any CPU.ActiveCfg = Release|Any CPU
		{7BB6A6C3-CD73-412F-B4B1-1390E5182056}.Release|Any CPU.Build.0 = Release|Any CPU
		{12473E3E-7E99-4B0A-8EE4-08835EA3D7B4}.Debug|Any CPU.ActiveCfg = Debug|Any CPU
		{12473E3E-7E99-4B0A-8EE4-08835EA3D7B4}.Debug|Any CPU.Build.0 = Debug|Any CPU
		{12473E3E-7E99-4B0A-8EE4-08835EA3D7B4}.Release|Any CPU.ActiveCfg = Release|Any CPU
		{12473E3E-7E99-4B0A-8EE4-08835EA3D7B4}.Release|Any CPU.Build.0 = Release|Any CPU
		{C4B34D01-DE49-4B5D-BCC2-6A22008807BE}.Debug|Any CPU.ActiveCfg = Debug|Any CPU
		{C4B34D01-DE49-4B5D-BCC2-6A22008807BE}.Debug|Any CPU.Build.0 = Debug|Any CPU
		{C4B34D01-DE49-4B5D-BCC2-6A22008807BE}.Release|Any CPU.ActiveCfg = Release|Any CPU
		{C4B34D01-DE49-4B5D-BCC2-6A22008807BE}.Release|Any CPU.Build.0 = Release|Any CPU
		{8F819190-D849-4CC0-A8AD-AB9D84A8E80B}.Debug|Any CPU.ActiveCfg = Debug|Any CPU
		{8F819190-D849-4CC0-A8AD-AB9D84A8E80B}.Debug|Any CPU.Build.0 = Debug|Any CPU
		{8F819190-D849-4CC0-A8AD-AB9D84A8E80B}.Release|Any CPU.ActiveCfg = Release|Any CPU
		{8F819190-D849-4CC0-A8AD-AB9D84A8E80B}.Release|Any CPU.Build.0 = Release|Any CPU
		{5A4945E5-76FE-4DC9-9E0C-39AA0A8CC633}.Debug|Any CPU.ActiveCfg = Debug|Any CPU
		{5A4945E5-76FE-4DC9-9E0C-39AA0A8CC633}.Debug|Any CPU.Build.0 = Debug|Any CPU
		{5A4945E5-76FE-4DC9-9E0C-39AA0A8CC633}.Release|Any CPU.ActiveCfg = Release|Any CPU
		{5A4945E5-76FE-4DC9-9E0C-39AA0A8CC633}.Release|Any CPU.Build.0 = Release|Any CPU
		{9F6CA5D2-69F2-4FF3-B8C2-9E22DBFBAE03}.Debug|Any CPU.ActiveCfg = Debug|Any CPU
		{9F6CA5D2-69F2-4FF3-B8C2-9E22DBFBAE03}.Debug|Any CPU.Build.0 = Debug|Any CPU
		{9F6CA5D2-69F2-4FF3-B8C2-9E22DBFBAE03}.Release|Any CPU.ActiveCfg = Release|Any CPU
		{9F6CA5D2-69F2-4FF3-B8C2-9E22DBFBAE03}.Release|Any CPU.Build.0 = Release|Any CPU
		{5538698A-0CC7-4C85-A70D-F8F73C29D5CF}.Debug|Any CPU.ActiveCfg = Debug|Any CPU
		{5538698A-0CC7-4C85-A70D-F8F73C29D5CF}.Debug|Any CPU.Build.0 = Debug|Any CPU
		{5538698A-0CC7-4C85-A70D-F8F73C29D5CF}.Release|Any CPU.ActiveCfg = Release|Any CPU
		{5538698A-0CC7-4C85-A70D-F8F73C29D5CF}.Release|Any CPU.Build.0 = Release|Any CPU
		{B7FC497A-D197-4F71-9DD2-507785673206}.Debug|Any CPU.ActiveCfg = Debug|Any CPU
		{B7FC497A-D197-4F71-9DD2-507785673206}.Debug|Any CPU.Build.0 = Debug|Any CPU
		{B7FC497A-D197-4F71-9DD2-507785673206}.Release|Any CPU.ActiveCfg = Release|Any CPU
		{B7FC497A-D197-4F71-9DD2-507785673206}.Release|Any CPU.Build.0 = Release|Any CPU
		{99CAD239-16C0-48FF-8895-95FAD49A069A}.Debug|Any CPU.ActiveCfg = Debug|Any CPU
		{99CAD239-16C0-48FF-8895-95FAD49A069A}.Debug|Any CPU.Build.0 = Debug|Any CPU
		{99CAD239-16C0-48FF-8895-95FAD49A069A}.Release|Any CPU.ActiveCfg = Release|Any CPU
		{99CAD239-16C0-48FF-8895-95FAD49A069A}.Release|Any CPU.Build.0 = Release|Any CPU
	EndGlobalSection
	GlobalSection(SolutionProperties) = preSolution
		HideSolutionNode = FALSE
	EndGlobalSection
	GlobalSection(NestedProjects) = preSolution
		{B57D28CA-59E3-496C-8FDE-8FCAC98856DE} = {1736152C-B834-4AA8-8FF5-2958BA4DAF63}
		{18A75548-7AB1-46ED-90A9-06749C3123EE} = {1736152C-B834-4AA8-8FF5-2958BA4DAF63}
		{9E5EB3CD-D1E0-4FEA-BB00-7E2DDAA82338} = {1736152C-B834-4AA8-8FF5-2958BA4DAF63}
		{774FCA82-BBFE-4915-BC0D-7EE3B3913CC2} = {B57D28CA-59E3-496C-8FDE-8FCAC98856DE}
		{E26CF1CB-1225-4377-AEF6-13F747879767} = {9E5EB3CD-D1E0-4FEA-BB00-7E2DDAA82338}
		{783B17CA-5A9F-4F36-BD16-938709060160} = {E26CF1CB-1225-4377-AEF6-13F747879767}
		{6897C3FA-4070-4EF6-B580-E62CDC231D7B} = {18A75548-7AB1-46ED-90A9-06749C3123EE}
		{5CC6ED92-083E-4DE3-8F51-FDA318A679BC} = {18A75548-7AB1-46ED-90A9-06749C3123EE}
		{9255F927-7DE6-4373-AE96-52E1EBAF30E2} = {18A75548-7AB1-46ED-90A9-06749C3123EE}
		{AF22D043-FF5A-44FC-85E0-1F93A11F4AEE} = {18A75548-7AB1-46ED-90A9-06749C3123EE}
		{D097C851-F9C2-42D1-BEBF-D855C720B2E7} = {18A75548-7AB1-46ED-90A9-06749C3123EE}
		{9E04A2BB-2E5D-40F5-A3A9-0B53C8B3E874} = {18A75548-7AB1-46ED-90A9-06749C3123EE}
		{FCC54F30-C236-44EE-9622-21204251C53B} = {6897C3FA-4070-4EF6-B580-E62CDC231D7B}
		{4FF30C0F-0BD7-4543-9098-A3333AF6F31B} = {5CC6ED92-083E-4DE3-8F51-FDA318A679BC}
		{D30F0261-D358-48D5-9B61-172BD74B23B2} = {AF22D043-FF5A-44FC-85E0-1F93A11F4AEE}
		{CFECC6E6-1088-4B0B-A1BC-2EF5DD5DE887} = {774FCA82-BBFE-4915-BC0D-7EE3B3913CC2}
		{7AC1155B-B560-4E3E-86AE-2F2E9601A224} = {B57D28CA-59E3-496C-8FDE-8FCAC98856DE}
		{8256DA73-52FB-4A32-8CFC-43857A7E6404} = {7AC1155B-B560-4E3E-86AE-2F2E9601A224}
		{7C95F996-3705-4D4B-A74E-66B5452F028A} = {9E5EB3CD-D1E0-4FEA-BB00-7E2DDAA82338}
		{7BB6A6C3-CD73-412F-B4B1-1390E5182056} = {7C95F996-3705-4D4B-A74E-66B5452F028A}
		{61A27AC3-F5F8-4997-9F26-CF31026203F6} = {B57D28CA-59E3-496C-8FDE-8FCAC98856DE}
		{12473E3E-7E99-4B0A-8EE4-08835EA3D7B4} = {61A27AC3-F5F8-4997-9F26-CF31026203F6}
		{ECBCF917-1435-4FDE-8940-D76A604B7984} = {1736152C-B834-4AA8-8FF5-2958BA4DAF63}
		{C4B34D01-DE49-4B5D-BCC2-6A22008807BE} = {13ECBE62-B4C6-452C-8A85-BB57BE7A4E5E}
		{13ECBE62-B4C6-452C-8A85-BB57BE7A4E5E} = {ECBCF917-1435-4FDE-8940-D76A604B7984}
		{8F819190-D849-4CC0-A8AD-AB9D84A8E80B} = {9E04A2BB-2E5D-40F5-A3A9-0B53C8B3E874}
		{5A4945E5-76FE-4DC9-9E0C-39AA0A8CC633} = {9E04A2BB-2E5D-40F5-A3A9-0B53C8B3E874}
		{9F6CA5D2-69F2-4FF3-B8C2-9E22DBFBAE03} = {D097C851-F9C2-42D1-BEBF-D855C720B2E7}
		{5538698A-0CC7-4C85-A70D-F8F73C29D5CF} = {9255F927-7DE6-4373-AE96-52E1EBAF30E2}
		{B7FC497A-D197-4F71-9DD2-507785673206} = {D097C851-F9C2-42D1-BEBF-D855C720B2E7}
		{99CAD239-16C0-48FF-8895-95FAD49A069A} = {9E04A2BB-2E5D-40F5-A3A9-0B53C8B3E874}
	EndGlobalSection
	GlobalSection(ExtensibilityGlobals) = postSolution
		SolutionGuid = {CA0BC941-BA60-45DA-BE75-F21D24750904}
	EndGlobalSection
EndGlobal
